// !$*UTF8*$!
{
	archiveVersion = 1;
	classes = {
	};
	objectVersion = 55;
	objects = {

/* Begin PBXBuildFile section */
		43A13E8F2860B6B800D80171 /* ArticleApp.swift in Sources */ = {isa = PBXBuildFile; fileRef = 43A13E7F2860B6B600D80171 /* ArticleApp.swift */; };
		43A13E902860B6B800D80171 /* ArticleApp.swift in Sources */ = {isa = PBXBuildFile; fileRef = 43A13E7F2860B6B600D80171 /* ArticleApp.swift */; };
		43A13E912860B6B800D80171 /* ContentView.swift in Sources */ = {isa = PBXBuildFile; fileRef = 43A13E802860B6B600D80171 /* ContentView.swift */; };
		43A13E922860B6B800D80171 /* ContentView.swift in Sources */ = {isa = PBXBuildFile; fileRef = 43A13E802860B6B600D80171 /* ContentView.swift */; };
		43A13E932860B6B800D80171 /* Assets.xcassets in Resources */ = {isa = PBXBuildFile; fileRef = 43A13E812860B6B800D80171 /* Assets.xcassets */; };
		43A13E942860B6B800D80171 /* Assets.xcassets in Resources */ = {isa = PBXBuildFile; fileRef = 43A13E812860B6B800D80171 /* Assets.xcassets */; };
		43A13E9F2860B7DD00D80171 /* Article.swift in Sources */ = {isa = PBXBuildFile; fileRef = 43A13E9E2860B7DD00D80171 /* Article.swift */; };
		43A13EA02860B7DD00D80171 /* Article.swift in Sources */ = {isa = PBXBuildFile; fileRef = 43A13E9E2860B7DD00D80171 /* Article.swift */; };
		43A13EA22860BA3C00D80171 /* ArticleView.swift in Sources */ = {isa = PBXBuildFile; fileRef = 43A13EA12860BA3C00D80171 /* ArticleView.swift */; };
		43A13EA32860BA3C00D80171 /* ArticleView.swift in Sources */ = {isa = PBXBuildFile; fileRef = 43A13EA12860BA3C00D80171 /* ArticleView.swift */; };
		43A13EA52860BD8500D80171 /* ArticlesListView.swift in Sources */ = {isa = PBXBuildFile; fileRef = 43A13EA42860BD8500D80171 /* ArticlesListView.swift */; };
		43A13EA62860BD8500D80171 /* ArticlesListView.swift in Sources */ = {isa = PBXBuildFile; fileRef = 43A13EA42860BD8500D80171 /* ArticlesListView.swift */; };
		43A13EFE286210FA00D80171 /* SideBarView.swift in Sources */ = {isa = PBXBuildFile; fileRef = 43A13EFD286210FA00D80171 /* SideBarView.swift */; };
		43A13EFF286210FA00D80171 /* SideBarView.swift in Sources */ = {isa = PBXBuildFile; fileRef = 43A13EFD286210FA00D80171 /* SideBarView.swift */; };
		43A13F012862131700D80171 /* TabBarView.swift in Sources */ = {isa = PBXBuildFile; fileRef = 43A13F002862131700D80171 /* TabBarView.swift */; };
/* End PBXBuildFile section */

/* Begin PBXFileReference section */
		43A13E7F2860B6B600D80171 /* ArticleApp.swift */ = {isa = PBXFileReference; lastKnownFileType = sourcecode.swift; path = ArticleApp.swift; sourceTree = "<group>"; };
		43A13E802860B6B600D80171 /* ContentView.swift */ = {isa = PBXFileReference; lastKnownFileType = sourcecode.swift; path = ContentView.swift; sourceTree = "<group>"; };
		43A13E812860B6B800D80171 /* Assets.xcassets */ = {isa = PBXFileReference; lastKnownFileType = folder.assetcatalog; path = Assets.xcassets; sourceTree = "<group>"; };
		43A13E862860B6B800D80171 /* Article.app */ = {isa = PBXFileReference; explicitFileType = wrapper.application; includeInIndex = 0; path = Article.app; sourceTree = BUILT_PRODUCTS_DIR; };
		43A13E8C2860B6B800D80171 /* Article.app */ = {isa = PBXFileReference; explicitFileType = wrapper.application; includeInIndex = 0; path = Article.app; sourceTree = BUILT_PRODUCTS_DIR; };
		43A13E8E2860B6B800D80171 /* macOS.entitlements */ = {isa = PBXFileReference; lastKnownFileType = text.plist.entitlements; path = macOS.entitlements; sourceTree = "<group>"; };
		43A13E9E2860B7DD00D80171 /* Article.swift */ = {isa = PBXFileReference; lastKnownFileType = sourcecode.swift; path = Article.swift; sourceTree = "<group>"; };
		43A13EA12860BA3C00D80171 /* ArticleView.swift */ = {isa = PBXFileReference; lastKnownFileType = sourcecode.swift; path = ArticleView.swift; sourceTree = "<group>"; };
		43A13EA42860BD8500D80171 /* ArticlesListView.swift */ = {isa = PBXFileReference; lastKnownFileType = sourcecode.swift; path = ArticlesListView.swift; sourceTree = "<group>"; };
		43A13EFD286210FA00D80171 /* SideBarView.swift */ = {isa = PBXFileReference; lastKnownFileType = sourcecode.swift; path = SideBarView.swift; sourceTree = "<group>"; };
		43A13F002862131700D80171 /* TabBarView.swift */ = {isa = PBXFileReference; lastKnownFileType = sourcecode.swift; path = TabBarView.swift; sourceTree = "<group>"; };
/* End PBXFileReference section */

/* Begin PBXFrameworksBuildPhase section */
		43A13E832860B6B800D80171 /* Frameworks */ = {
			isa = PBXFrameworksBuildPhase;
			buildActionMask = 2147483647;
			files = (
			);
			runOnlyForDeploymentPostprocessing = 0;
		};
		43A13E892860B6B800D80171 /* Frameworks */ = {
			isa = PBXFrameworksBuildPhase;
			buildActionMask = 2147483647;
			files = (
			);
			runOnlyForDeploymentPostprocessing = 0;
		};
/* End PBXFrameworksBuildPhase section */

/* Begin PBXGroup section */
		43A13E792860B6B500D80171 = {
			isa = PBXGroup;
			children = (
				43A13E7E2860B6B600D80171 /* Shared */,
				43A13E8D2860B6B800D80171 /* macOS */,
				43A13E872860B6B800D80171 /* Products */,
			);
			sourceTree = "<group>";
		};
		43A13E7E2860B6B600D80171 /* Shared */ = {
			isa = PBXGroup;
			children = (
				43A13E7F2860B6B600D80171 /* ArticleApp.swift */,
				43A13E802860B6B600D80171 /* ContentView.swift */,
				43A13EA12860BA3C00D80171 /* ArticleView.swift */,
				43A13EA42860BD8500D80171 /* ArticlesListView.swift */,
				43A13F002862131700D80171 /* TabBarView.swift */,
				43A13E812860B6B800D80171 /* Assets.xcassets */,
				43A13E9D2860B73300D80171 /* Models */,
			);
			path = Shared;
			sourceTree = "<group>";
		};
		43A13E872860B6B800D80171 /* Products */ = {
			isa = PBXGroup;
			children = (
				43A13E862860B6B800D80171 /* Article.app */,
				43A13E8C2860B6B800D80171 /* Article.app */,
			);
			name = Products;
			sourceTree = "<group>";
		};
		43A13E8D2860B6B800D80171 /* macOS */ = {
			isa = PBXGroup;
			children = (
				43A13E8E2860B6B800D80171 /* macOS.entitlements */,
				43A13EFD286210FA00D80171 /* SideBarView.swift */,
			);
			path = macOS;
			sourceTree = "<group>";
		};
		43A13E9D2860B73300D80171 /* Models */ = {
			isa = PBXGroup;
			children = (
				43A13E9E2860B7DD00D80171 /* Article.swift */,
			);
			path = Models;
			sourceTree = "<group>";
		};
/* End PBXGroup section */

/* Begin PBXNativeTarget section */
		43A13E852860B6B800D80171 /* Article (iOS) */ = {
			isa = PBXNativeTarget;
			buildConfigurationList = 43A13E972860B6B800D80171 /* Build configuration list for PBXNativeTarget "Article (iOS)" */;
			buildPhases = (
				43A13E822860B6B800D80171 /* Sources */,
				43A13E832860B6B800D80171 /* Frameworks */,
				43A13E842860B6B800D80171 /* Resources */,
			);
			buildRules = (
			);
			dependencies = (
			);
			name = "Article (iOS)";
			productName = "Article (iOS)";
			productReference = 43A13E862860B6B800D80171 /* Article.app */;
			productType = "com.apple.product-type.application";
		};
		43A13E8B2860B6B800D80171 /* Article (macOS) */ = {
			isa = PBXNativeTarget;
			buildConfigurationList = 43A13E9A2860B6B800D80171 /* Build configuration list for PBXNativeTarget "Article (macOS)" */;
			buildPhases = (
				43A13E882860B6B800D80171 /* Sources */,
				43A13E892860B6B800D80171 /* Frameworks */,
				43A13E8A2860B6B800D80171 /* Resources */,
			);
			buildRules = (
			);
			dependencies = (
			);
			name = "Article (macOS)";
			productName = "Article (macOS)";
			productReference = 43A13E8C2860B6B800D80171 /* Article.app */;
			productType = "com.apple.product-type.application";
		};
/* End PBXNativeTarget section */

/* Begin PBXProject section */
		43A13E7A2860B6B500D80171 /* Project object */ = {
			isa = PBXProject;
			attributes = {
				BuildIndependentTargetsInParallel = 1;
				LastSwiftUpdateCheck = 1320;
				LastUpgradeCheck = 1320;
				TargetAttributes = {
					43A13E852860B6B800D80171 = {
						CreatedOnToolsVersion = 13.2.1;
					};
					43A13E8B2860B6B800D80171 = {
						CreatedOnToolsVersion = 13.2.1;
					};
				};
			};
			buildConfigurationList = 43A13E7D2860B6B500D80171 /* Build configuration list for PBXProject "Article" */;
			compatibilityVersion = "Xcode 13.0";
			developmentRegion = en;
			hasScannedForEncodings = 0;
			knownRegions = (
				en,
				Base,
			);
			mainGroup = 43A13E792860B6B500D80171;
			productRefGroup = 43A13E872860B6B800D80171 /* Products */;
			projectDirPath = "";
			projectRoot = "";
			targets = (
				43A13E852860B6B800D80171 /* Article (iOS) */,
				43A13E8B2860B6B800D80171 /* Article (macOS) */,
			);
		};
/* End PBXProject section */

/* Begin PBXResourcesBuildPhase section */
		43A13E842860B6B800D80171 /* Resources */ = {
			isa = PBXResourcesBuildPhase;
			buildActionMask = 2147483647;
			files = (
				43A13E932860B6B800D80171 /* Assets.xcassets in Resources */,
			);
			runOnlyForDeploymentPostprocessing = 0;
		};
		43A13E8A2860B6B800D80171 /* Resources */ = {
			isa = PBXResourcesBuildPhase;
			buildActionMask = 2147483647;
			files = (
				43A13E942860B6B800D80171 /* Assets.xcassets in Resources */,
			);
			runOnlyForDeploymentPostprocessing = 0;
		};
/* End PBXResourcesBuildPhase section */

/* Begin PBXSourcesBuildPhase section */
		43A13E822860B6B800D80171 /* Sources */ = {
			isa = PBXSourcesBuildPhase;
			buildActionMask = 2147483647;
			files = (
				43A13E912860B6B800D80171 /* ContentView.swift in Sources */,
				43A13E8F2860B6B800D80171 /* ArticleApp.swift in Sources */,
				43A13F012862131700D80171 /* TabBarView.swift in Sources */,
				43A13E9F2860B7DD00D80171 /* Article.swift in Sources */,
				43A13EFE286210FA00D80171 /* SideBarView.swift in Sources */,
				43A13EA22860BA3C00D80171 /* ArticleView.swift in Sources */,
				43A13EA52860BD8500D80171 /* ArticlesListView.swift in Sources */,
			);
			runOnlyForDeploymentPostprocessing = 0;
		};
		43A13E882860B6B800D80171 /* Sources */ = {
			isa = PBXSourcesBuildPhase;
			buildActionMask = 2147483647;
			files = (
				43A13E922860B6B800D80171 /* ContentView.swift in Sources */,
				43A13E902860B6B800D80171 /* ArticleApp.swift in Sources */,
				43A13EA02860B7DD00D80171 /* Article.swift in Sources */,
				43A13EFF286210FA00D80171 /* SideBarView.swift in Sources */,
				43A13EA32860BA3C00D80171 /* ArticleView.swift in Sources */,
				43A13EA62860BD8500D80171 /* ArticlesListView.swift in Sources */,
			);
			runOnlyForDeploymentPostprocessing = 0;
		};
/* End PBXSourcesBuildPhase section */

/* Begin XCBuildConfiguration section */
		43A13E952860B6B800D80171 /* Debug */ = {
			isa = XCBuildConfiguration;
			buildSettings = {
				ALWAYS_SEARCH_USER_PATHS = NO;
				CLANG_ANALYZER_NONNULL = YES;
				CLANG_ANALYZER_NUMBER_OBJECT_CONVERSION = YES_AGGRESSIVE;
				CLANG_CXX_LANGUAGE_STANDARD = "gnu++17";
				CLANG_CXX_LIBRARY = "libc++";
				CLANG_ENABLE_MODULES = YES;
				CLANG_ENABLE_OBJC_ARC = YES;
				CLANG_ENABLE_OBJC_WEAK = YES;
				CLANG_WARN_BLOCK_CAPTURE_AUTORELEASING = YES;
				CLANG_WARN_BOOL_CONVERSION = YES;
				CLANG_WARN_COMMA = YES;
				CLANG_WARN_CONSTANT_CONVERSION = YES;
				CLANG_WARN_DEPRECATED_OBJC_IMPLEMENTATIONS = YES;
				CLANG_WARN_DIRECT_OBJC_ISA_USAGE = YES_ERROR;
				CLANG_WARN_DOCUMENTATION_COMMENTS = YES;
				CLANG_WARN_EMPTY_BODY = YES;
				CLANG_WARN_ENUM_CONVERSION = YES;
				CLANG_WARN_INFINITE_RECURSION = YES;
				CLANG_WARN_INT_CONVERSION = YES;
				CLANG_WARN_NON_LITERAL_NULL_CONVERSION = YES;
				CLANG_WARN_OBJC_IMPLICIT_RETAIN_SELF = YES;
				CLANG_WARN_OBJC_LITERAL_CONVERSION = YES;
				CLANG_WARN_OBJC_ROOT_CLASS = YES_ERROR;
				CLANG_WARN_QUOTED_INCLUDE_IN_FRAMEWORK_HEADER = YES;
				CLANG_WARN_RANGE_LOOP_ANALYSIS = YES;
				CLANG_WARN_STRICT_PROTOTYPES = YES;
				CLANG_WARN_SUSPICIOUS_MOVE = YES;
				CLANG_WARN_UNGUARDED_AVAILABILITY = YES_AGGRESSIVE;
				CLANG_WARN_UNREACHABLE_CODE = YES;
				CLANG_WARN__DUPLICATE_METHOD_MATCH = YES;
				COPY_PHASE_STRIP = NO;
				DEBUG_INFORMATION_FORMAT = dwarf;
				ENABLE_STRICT_OBJC_MSGSEND = YES;
				ENABLE_TESTABILITY = YES;
				GCC_C_LANGUAGE_STANDARD = gnu11;
				GCC_DYNAMIC_NO_PIC = NO;
				GCC_NO_COMMON_BLOCKS = YES;
				GCC_OPTIMIZATION_LEVEL = 0;
				GCC_PREPROCESSOR_DEFINITIONS = (
					"DEBUG=1",
					"$(inherited)",
				);
				GCC_WARN_64_TO_32_BIT_CONVERSION = YES;
				GCC_WARN_ABOUT_RETURN_TYPE = YES_ERROR;
				GCC_WARN_UNDECLARED_SELECTOR = YES;
				GCC_WARN_UNINITIALIZED_AUTOS = YES_AGGRESSIVE;
				GCC_WARN_UNUSED_FUNCTION = YES;
				GCC_WARN_UNUSED_VARIABLE = YES;
				MTL_ENABLE_DEBUG_INFO = INCLUDE_SOURCE;
				MTL_FAST_MATH = YES;
				ONLY_ACTIVE_ARCH = YES;
				SWIFT_ACTIVE_COMPILATION_CONDITIONS = DEBUG;
				SWIFT_OPTIMIZATION_LEVEL = "-Onone";
			};
			name = Debug;
		};
		43A13E962860B6B800D80171 /* Release */ = {
			isa = XCBuildConfiguration;
			buildSettings = {
				ALWAYS_SEARCH_USER_PATHS = NO;
				CLANG_ANALYZER_NONNULL = YES;
				CLANG_ANALYZER_NUMBER_OBJECT_CONVERSION = YES_AGGRESSIVE;
				CLANG_CXX_LANGUAGE_STANDARD = "gnu++17";
				CLANG_CXX_LIBRARY = "libc++";
				CLANG_ENABLE_MODULES = YES;
				CLANG_ENABLE_OBJC_ARC = YES;
				CLANG_ENABLE_OBJC_WEAK = YES;
				CLANG_WARN_BLOCK_CAPTURE_AUTORELEASING = YES;
				CLANG_WARN_BOOL_CONVERSION = YES;
				CLANG_WARN_COMMA = YES;
				CLANG_WARN_CONSTANT_CONVERSION = YES;
				CLANG_WARN_DEPRECATED_OBJC_IMPLEMENTATIONS = YES;
				CLANG_WARN_DIRECT_OBJC_ISA_USAGE = YES_ERROR;
				CLANG_WARN_DOCUMENTATION_COMMENTS = YES;
				CLANG_WARN_EMPTY_BODY = YES;
				CLANG_WARN_ENUM_CONVERSION = YES;
				CLANG_WARN_INFINITE_RECURSION = YES;
				CLANG_WARN_INT_CONVERSION = YES;
				CLANG_WARN_NON_LITERAL_NULL_CONVERSION = YES;
				CLANG_WARN_OBJC_IMPLICIT_RETAIN_SELF = YES;
				CLANG_WARN_OBJC_LITERAL_CONVERSION = YES;
				CLANG_WARN_OBJC_ROOT_CLASS = YES_ERROR;
				CLANG_WARN_QUOTED_INCLUDE_IN_FRAMEWORK_HEADER = YES;
				CLANG_WARN_RANGE_LOOP_ANALYSIS = YES;
				CLANG_WARN_STRICT_PROTOTYPES = YES;
				CLANG_WARN_SUSPICIOUS_MOVE = YES;
				CLANG_WARN_UNGUARDED_AVAILABILITY = YES_AGGRESSIVE;
				CLANG_WARN_UNREACHABLE_CODE = YES;
				CLANG_WARN__DUPLICATE_METHOD_MATCH = YES;
				COPY_PHASE_STRIP = NO;
				DEBUG_INFORMATION_FORMAT = "dwarf-with-dsym";
				ENABLE_NS_ASSERTIONS = NO;
				ENABLE_STRICT_OBJC_MSGSEND = YES;
				GCC_C_LANGUAGE_STANDARD = gnu11;
				GCC_NO_COMMON_BLOCKS = YES;
				GCC_WARN_64_TO_32_BIT_CONVERSION = YES;
				GCC_WARN_ABOUT_RETURN_TYPE = YES_ERROR;
				GCC_WARN_UNDECLARED_SELECTOR = YES;
				GCC_WARN_UNINITIALIZED_AUTOS = YES_AGGRESSIVE;
				GCC_WARN_UNUSED_FUNCTION = YES;
				GCC_WARN_UNUSED_VARIABLE = YES;
				MTL_ENABLE_DEBUG_INFO = NO;
				MTL_FAST_MATH = YES;
				SWIFT_COMPILATION_MODE = wholemodule;
				SWIFT_OPTIMIZATION_LEVEL = "-O";
			};
			name = Release;
		};
		43A13E982860B6B800D80171 /* Debug */ = {
			isa = XCBuildConfiguration;
			buildSettings = {
				ASSETCATALOG_COMPILER_APPICON_NAME = AppIcon;
				ASSETCATALOG_COMPILER_GLOBAL_ACCENT_COLOR_NAME = AccentColor;
				CODE_SIGN_STYLE = Automatic;
				CURRENT_PROJECT_VERSION = 1;
				ENABLE_PREVIEWS = YES;
				GENERATE_INFOPLIST_FILE = YES;
				INFOPLIST_KEY_UIApplicationSceneManifest_Generation = YES;
				INFOPLIST_KEY_UIApplicationSupportsIndirectInputEvents = YES;
				INFOPLIST_KEY_UILaunchScreen_Generation = YES;
				INFOPLIST_KEY_UISupportedInterfaceOrientations_iPad = "UIInterfaceOrientationPortrait UIInterfaceOrientationPortraitUpsideDown UIInterfaceOrientationLandscapeLeft UIInterfaceOrientationLandscapeRight";
				INFOPLIST_KEY_UISupportedInterfaceOrientations_iPhone = "UIInterfaceOrientationPortrait UIInterfaceOrientationLandscapeLeft UIInterfaceOrientationLandscapeRight";
				IPHONEOS_DEPLOYMENT_TARGET = 15.2;
				LD_RUNPATH_SEARCH_PATHS = (
					"$(inherited)",
					"@executable_path/Frameworks",
				);
				MARKETING_VERSION = 1.0;
				PRODUCT_BUNDLE_IDENTIFIER = wenyi.Article;
				PRODUCT_NAME = Article;
				SDKROOT = iphoneos;
				SWIFT_EMIT_LOC_STRINGS = YES;
				SWIFT_VERSION = 5.0;
				TARGETED_DEVICE_FAMILY = "1,2";
			};
			name = Debug;
		};
		43A13E992860B6B800D80171 /* Release */ = {
			isa = XCBuildConfiguration;
			buildSettings = {
				ASSETCATALOG_COMPILER_APPICON_NAME = AppIcon;
				ASSETCATALOG_COMPILER_GLOBAL_ACCENT_COLOR_NAME = AccentColor;
				CODE_SIGN_STYLE = Automatic;
				CURRENT_PROJECT_VERSION = 1;
				ENABLE_PREVIEWS = YES;
				GENERATE_INFOPLIST_FILE = YES;
				INFOPLIST_KEY_UIApplicationSceneManifest_Generation = YES;
				INFOPLIST_KEY_UIApplicationSupportsIndirectInputEvents = YES;
				INFOPLIST_KEY_UILaunchScreen_Generation = YES;
				INFOPLIST_KEY_UISupportedInterfaceOrientations_iPad = "UIInterfaceOrientationPortrait UIInterfaceOrientationPortraitUpsideDown UIInterfaceOrientationLandscapeLeft UIInterfaceOrientationLandscapeRight";
				INFOPLIST_KEY_UISupportedInterfaceOrientations_iPhone = "UIInterfaceOrientationPortrait UIInterfaceOrientationLandscapeLeft UIInterfaceOrientationLandscapeRight";
				IPHONEOS_DEPLOYMENT_TARGET = 15.2;
				LD_RUNPATH_SEARCH_PATHS = (
					"$(inherited)",
					"@executable_path/Frameworks",
				);
				MARKETING_VERSION = 1.0;
				PRODUCT_BUNDLE_IDENTIFIER = wenyi.Article;
				PRODUCT_NAME = Article;
				SDKROOT = iphoneos;
				SWIFT_EMIT_LOC_STRINGS = YES;
				SWIFT_VERSION = 5.0;
				TARGETED_DEVICE_FAMILY = "1,2";
				VALIDATE_PRODUCT = YES;
			};
			name = Release;
		};
		43A13E9B2860B6B800D80171 /* Debug */ = {
			isa = XCBuildConfiguration;
			buildSettings = {
				ASSETCATALOG_COMPILER_APPICON_NAME = AppIcon;
				ASSETCATALOG_COMPILER_GLOBAL_ACCENT_COLOR_NAME = AccentColor;
				CODE_SIGN_ENTITLEMENTS = macOS/macOS.entitlements;
				CODE_SIGN_STYLE = Automatic;
				COMBINE_HIDPI_IMAGES = YES;
				CURRENT_PROJECT_VERSION = 1;
				ENABLE_PREVIEWS = YES;
				GENERATE_INFOPLIST_FILE = YES;
				INFOPLIST_KEY_NSHumanReadableCopyright = "";
				LD_RUNPATH_SEARCH_PATHS = (
					"$(inherited)",
					"@executable_path/../Frameworks",
				);
				MACOSX_DEPLOYMENT_TARGET = 12.1;
				MARKETING_VERSION = 1.0;
				PRODUCT_BUNDLE_IDENTIFIER = wenyi.Article;
				PRODUCT_NAME = Article;
				SDKROOT = macosx;
				SWIFT_EMIT_LOC_STRINGS = YES;
				SWIFT_VERSION = 5.0;
			};
			name = Debug;
		};
		43A13E9C2860B6B800D80171 /* Release */ = {
			isa = XCBuildConfiguration;
			buildSettings = {
				ASSETCATALOG_COMPILER_APPICON_NAME = AppIcon;
				ASSETCATALOG_COMPILER_GLOBAL_ACCENT_COLOR_NAME = AccentColor;
				CODE_SIGN_ENTITLEMENTS = macOS/macOS.entitlements;
				CODE_SIGN_STYLE = Automatic;
				COMBINE_HIDPI_IMAGES = YES;
				CURRENT_PROJECT_VERSION = 1;
				ENABLE_PREVIEWS = YES;
				GENERATE_INFOPLIST_FILE = YES;
				INFOPLIST_KEY_NSHumanReadableCopyright = "";
				LD_RUNPATH_SEARCH_PATHS = (
					"$(inherited)",
					"@executable_path/../Frameworks",
				);
				MACOSX_DEPLOYMENT_TARGET = 12.1;
				MARKETING_VERSION = 1.0;
				PRODUCT_BUNDLE_IDENTIFIER = wenyi.Article;
				PRODUCT_NAME = Article;
				SDKROOT = macosx;
				SWIFT_EMIT_LOC_STRINGS = YES;
				SWIFT_VERSION = 5.0;
			};
			name = Release;
		};
/* End XCBuildConfiguration section */

/* Begin XCConfigurationList section */
		43A13E7D2860B6B500D80171 /* Build configuration list for PBXProject "Article" */ = {
			isa = XCConfigurationList;
			buildConfigurations = (
				43A13E952860B6B800D80171 /* Debug */,
				43A13E962860B6B800D80171 /* Release */,
			);
			defaultConfigurationIsVisible = 0;
			defaultConfigurationName = Release;
		};
		43A13E972860B6B800D80171 /* Build configuration list for PBXNativeTarget "Article (iOS)" */ = {
			isa = XCConfigurationList;
			buildConfigurations = (
				43A13E982860B6B800D80171 /* Debug */,
				43A13E992860B6B800D80171 /* Release */,
			);
			defaultConfigurationIsVisible = 0;
			defaultConfigurationName = Release;
		};
		43A13E9A2860B6B800D80171 /* Build configuration list for PBXNativeTarget "Article (macOS)" */ = {
			isa = XCConfigurationList;
			buildConfigurations = (
				43A13E9B2860B6B800D80171 /* Debug */,
				43A13E9C2860B6B800D80171 /* Release */,
			);
			defaultConfigurationIsVisible = 0;
			defaultConfigurationName = Release;
		};
/* End XCConfigurationList section */
	};
	rootObject = 43A13E7A2860B6B500D80171 /* Project object */;
}
